
Microsoft Visual Studio Solution File, Format Version 12.00
# Visual Studio Version 17
VisualStudioVersion = 17.11.35312.102
MinimumVisualStudioVersion = 10.0.40219.1
Project("{FAE04EC0-301F-11D3-BF4B-00C04F79EFBC}") = "Dotnet8MAUIStudy", "Dotnet8MAUIStudy\Dotnet8MAUIStudy.csproj", "{1BF256BB-1704-4210-900E-1207136161FC}"
EndProject
Global
	GlobalSection(SolutionConfigurationPlatforms) = preSolution
		Debug|Any CPU = Debug|Any CPU
		Release|Any CPU = Release|Any CPU
	EndGlobalSection
	GlobalSection(ProjectConfigurationPlatforms) = postSolution
		{1BF256BB-1704-4210-900E-1207136161FC}.Debug|Any CPU.ActiveCfg = Debug|Any CPU
		{1BF256BB-1704-4210-900E-1207136161FC}.Debug|Any CPU.Build.0 = Debug|Any CPU
		{1BF256BB-1704-4210-900E-1207136161FC}.Debug|Any CPU.Deploy.0 = Debug|Any CPU
		{1BF256BB-1704-4210-900E-1207136161FC}.Release|Any CPU.ActiveCfg = Release|Any CPU
		{1BF256BB-1704-4210-900E-1207136161FC}.Release|Any CPU.Build.0 = Release|Any CPU
		{1BF256BB-1704-4210-900E-1207136161FC}.Release|Any CPU.Deploy.0 = Release|Any CPU
	EndGlobalSection
	GlobalSection(SolutionProperties) = preSolution
		HideSolutionNode = FALSE
	EndGlobalSection
	GlobalSection(ExtensibilityGlobals) = postSolution
		SolutionGuid = {9C6AB82C-AA85-4CBD-AA81-9F3223A605D2}
	EndGlobalSection
EndGlobal
